PODS:
  - AFNetworking (3.0.4):
    - AFNetworking/NSURLSession (= 3.0.4)
    - AFNetworking/Reachability (= 3.0.4)
    - AFNetworking/Security (= 3.0.4)
    - AFNetworking/Serialization (= 3.0.4)
    - AFNetworking/UIKit (= 3.0.4)
  - AFNetworking/NSURLSession (3.0.4):
    - AFNetworking/Reachability
    - AFNetworking/Security
    - AFNetworking/Serialization
  - AFNetworking/Reachability (3.0.4)
  - AFNetworking/Security (3.0.4)
  - AFNetworking/Serialization (3.0.4)
  - AFNetworking/UIKit (3.0.4):
    - AFNetworking/NSURLSession
  - BeeCloud (3.4.2):
    - BeeCloud/Alipay (= 3.4.2)
    - BeeCloud/Core (= 3.4.2)
    - BeeCloud/UnionPay (= 3.4.2)
    - BeeCloud/Wx (= 3.4.2)
  - BeeCloud/Alipay (3.4.2):
    - BeeCloud/Core
  - BeeCloud/Core (3.4.2)
  - BeeCloud/UnionPay (3.4.2):
    - BeeCloud/Core
  - BeeCloud/Wx (3.4.2):
    - BeeCloud/Core
  - FMDB (2.6.2):
    - FMDB/standard (= 2.6.2)
  - FMDB/standard (2.6.2)
  - Masonry (0.6.4)
  - MBProgressHUD (0.9.2)
  - MJExtension (3.0.10)
  - MJRefresh (3.0.8)
  - SCRecorder (2.6.1)
  - SDWebImage (3.7.5):
    - SDWebImage/Core (= 3.7.5)
  - SDWebImage/Core (3.7.5)
  - SVProgressHUD (2.0.2)
  - WechatShortVideo (0.1.9):
    - MBProgressHUD (~> 0.9.1)
    - SCRecorder (~> 2.6.1)

DEPENDENCIES:
  - AFNetworking (~> 3.0.0-beta.2)
  - BeeCloud
  - FMDB
  - Masonry
  - MBProgressHUD (~> 0.9.1)
  - MJExtension (~> 3.0.7)
  - MJRefresh (~> 3.0.4)
  - SDWebImage (~> 3.7.3)
  - SVProgressHUD (~> 2.0.2)
  - WechatShortVideo

SPEC CHECKSUMS:
  AFNetworking: a0075feb321559dc78d9d85b55d11caa19eabb93
  BeeCloud: a2d9f90641c891d0cb86cd1b011a066ace4ddf88
  FMDB: 854a0341b4726e53276f2a8996f06f1b80f9259a
  Masonry: 281802d04d787ea2973179ee8bcb50500579ede2
  MBProgressHUD: 1569cf7ace17a8bac47aabfbb8580a49690386d1
  MJExtension: d86aacb740c87519d20e3cca55b6fa4be6cc7548
  MJRefresh: fafde8f18f4afd66b434331a9beb67a6c0264056
  SCRecorder: ef11bc34094c43201cc7c94fa9aeb5266e5b9cf7
  SDWebImage: 69c6303e3348fba97e03f65d65d4fbc26740f461
  SVProgressHUD: e4020e23badbd7cc61bc4a80d3c1da57f166a978
  WechatShortVideo: 641329195e972b9e1d697d2d3417e74a05d36b11

COCOAPODS: 0.39.0
