// !$*UTF8*$!
{
	archiveVersion = 1;
	classes = {
	};
	objectVersion = 46;
	objects = {

/* Begin PBXBuildFile section */
		218D2B3C1CACB2F9004553B9 /* CommonNavigationController.m in Sources */ = {isa = PBXBuildFile; fileRef = 218D2B391CACB2F9004553B9 /* CommonNavigationController.m */; };
		218D2B3D1CACB2F9004553B9 /* CommonTabBarViewController.m in Sources */ = {isa = PBXBuildFile; fileRef = 218D2B3B1CACB2F9004553B9 /* CommonTabBarViewController.m */; };
		218D2B411CACB310004553B9 /* DiscoveryTableViewController.m in Sources */ = {isa = PBXBuildFile; fileRef = 218D2B3F1CACB310004553B9 /* DiscoveryTableViewController.m */; };
		218D2B421CACB310004553B9 /* DiscoveryTableViewController.xib in Resources */ = {isa = PBXBuildFile; fileRef = 218D2B401CACB310004553B9 /* DiscoveryTableViewController.xib */; };
		218D2B461CACB325004553B9 /* MainTableViewController.m in Sources */ = {isa = PBXBuildFile; fileRef = 218D2B441CACB325004553B9 /* MainTableViewController.m */; };
		218D2B471CACB325004553B9 /* MainTableViewController.xib in Resources */ = {isa = PBXBuildFile; fileRef = 218D2B451CACB325004553B9 /* MainTableViewController.xib */; };
		218D2B4B1CACB335004553B9 /* MessageTableViewController.m in Sources */ = {isa = PBXBuildFile; fileRef = 218D2B491CACB335004553B9 /* MessageTableViewController.m */; };
		218D2B4C1CACB335004553B9 /* MessageTableViewController.xib in Resources */ = {isa = PBXBuildFile; fileRef = 218D2B4A1CACB335004553B9 /* MessageTableViewController.xib */; };
		218D2B501CACB349004553B9 /* MeTableViewController.m in Sources */ = {isa = PBXBuildFile; fileRef = 218D2B4E1CACB349004553B9 /* MeTableViewController.m */; };
		218D2B511CACB349004553B9 /* MeTableViewController.xib in Resources */ = {isa = PBXBuildFile; fileRef = 218D2B4F1CACB349004553B9 /* MeTableViewController.xib */; };
		218D2B581CACB35C004553B9 /* UIBarButtonItem+Item.m in Sources */ = {isa = PBXBuildFile; fileRef = 218D2B531CACB35C004553B9 /* UIBarButtonItem+Item.m */; };
		218D2B591CACB35C004553B9 /* UIImage+Image.m in Sources */ = {isa = PBXBuildFile; fileRef = 218D2B551CACB35C004553B9 /* UIImage+Image.m */; };
		218D2B5A1CACB35C004553B9 /* UIView+Frame.m in Sources */ = {isa = PBXBuildFile; fileRef = 218D2B571CACB35C004553B9 /* UIView+Frame.m */; };
		218D2B5C1CACB5B9004553B9 /* Launch Screen.storyboard in Resources */ = {isa = PBXBuildFile; fileRef = 218D2B5B1CACB5B9004553B9 /* Launch Screen.storyboard */; };
		218D2B7C1CACBBC2004553B9 /* LognController.m in Sources */ = {isa = PBXBuildFile; fileRef = 218D2B7A1CACBBC2004553B9 /* LognController.m */; };
		218D2B7D1CACBBC2004553B9 /* LognController.xib in Resources */ = {isa = PBXBuildFile; fileRef = 218D2B7B1CACBBC2004553B9 /* LognController.xib */; };
		21904CF01CAD3C7800AD7A3F /* CompleteUserInfoController.m in Sources */ = {isa = PBXBuildFile; fileRef = 21904CEE1CAD3C7800AD7A3F /* CompleteUserInfoController.m */; };
		21904CF11CAD3C7800AD7A3F /* CompleteUserInfoController.xib in Resources */ = {isa = PBXBuildFile; fileRef = 21904CEF1CAD3C7800AD7A3F /* CompleteUserInfoController.xib */; };
		21904CF51CAD3C8B00AD7A3F /* ForgetPasswordViewController.m in Sources */ = {isa = PBXBuildFile; fileRef = 21904CF31CAD3C8B00AD7A3F /* ForgetPasswordViewController.m */; };
		21904CF61CAD3C8B00AD7A3F /* ForgetPasswordViewController.xib in Resources */ = {isa = PBXBuildFile; fileRef = 21904CF41CAD3C8B00AD7A3F /* ForgetPasswordViewController.xib */; };
		21904D191CAD3CD100AD7A3F /* MKAnnotationView+WebCache.m in Sources */ = {isa = PBXBuildFile; fileRef = 21904CF91CAD3CD100AD7A3F /* MKAnnotationView+WebCache.m */; };
		21904D1A1CAD3CD100AD7A3F /* NSData+ImageContentType.m in Sources */ = {isa = PBXBuildFile; fileRef = 21904CFB1CAD3CD100AD7A3F /* NSData+ImageContentType.m */; };
		21904D1B1CAD3CD100AD7A3F /* SDImageCache.m in Sources */ = {isa = PBXBuildFile; fileRef = 21904CFD1CAD3CD100AD7A3F /* SDImageCache.m */; };
		21904D1C1CAD3CD100AD7A3F /* SDWebImageCompat.m in Sources */ = {isa = PBXBuildFile; fileRef = 21904CFF1CAD3CD100AD7A3F /* SDWebImageCompat.m */; };
		21904D1D1CAD3CD100AD7A3F /* SDWebImageDecoder.m in Sources */ = {isa = PBXBuildFile; fileRef = 21904D011CAD3CD100AD7A3F /* SDWebImageDecoder.m */; };
		21904D1E1CAD3CD100AD7A3F /* SDWebImageDownloader.m in Sources */ = {isa = PBXBuildFile; fileRef = 21904D031CAD3CD100AD7A3F /* SDWebImageDownloader.m */; };
		21904D1F1CAD3CD100AD7A3F /* SDWebImageDownloaderOperation.m in Sources */ = {isa = PBXBuildFile; fileRef = 21904D051CAD3CD100AD7A3F /* SDWebImageDownloaderOperation.m */; };
		21904D201CAD3CD100AD7A3F /* SDWebImageManager.m in Sources */ = {isa = PBXBuildFile; fileRef = 21904D071CAD3CD100AD7A3F /* SDWebImageManager.m */; };
		21904D211CAD3CD100AD7A3F /* SDWebImagePrefetcher.m in Sources */ = {isa = PBXBuildFile; fileRef = 21904D0A1CAD3CD100AD7A3F /* SDWebImagePrefetcher.m */; };
		21904D221CAD3CD100AD7A3F /* UIButton+WebCache.m in Sources */ = {isa = PBXBuildFile; fileRef = 21904D0C1CAD3CD100AD7A3F /* UIButton+WebCache.m */; };
		21904D231CAD3CD100AD7A3F /* UIImage+GIF.m in Sources */ = {isa = PBXBuildFile; fileRef = 21904D0E1CAD3CD100AD7A3F /* UIImage+GIF.m */; };
		21904D241CAD3CD100AD7A3F /* UIImage+MultiFormat.m in Sources */ = {isa = PBXBuildFile; fileRef = 21904D101CAD3CD100AD7A3F /* UIImage+MultiFormat.m */; };
		21904D251CAD3CD100AD7A3F /* UIImage+WebP.m in Sources */ = {isa = PBXBuildFile; fileRef = 21904D121CAD3CD100AD7A3F /* UIImage+WebP.m */; };
		21904D261CAD3CD100AD7A3F /* UIImageView+HighlightedWebCache.m in Sources */ = {isa = PBXBuildFile; fileRef = 21904D141CAD3CD100AD7A3F /* UIImageView+HighlightedWebCache.m */; };
		21904D271CAD3CD100AD7A3F /* UIImageView+WebCache.m in Sources */ = {isa = PBXBuildFile; fileRef = 21904D161CAD3CD100AD7A3F /* UIImageView+WebCache.m */; };
		21904D281CAD3CD100AD7A3F /* UIView+WebCacheOperation.m in Sources */ = {isa = PBXBuildFile; fileRef = 21904D181CAD3CD100AD7A3F /* UIView+WebCacheOperation.m */; };
		E2D73DC21CAD2CA9004CEFA3 /* RegViewController.m in Sources */ = {isa = PBXBuildFile; fileRef = E2D73DC01CAD2CA9004CEFA3 /* RegViewController.m */; };
		E2D73DC31CAD2CA9004CEFA3 /* RegViewController.xib in Resources */ = {isa = PBXBuildFile; fileRef = E2D73DC11CAD2CA9004CEFA3 /* RegViewController.xib */; };
		E2DDB0E81CAB66DB007438E4 /* main.m in Sources */ = {isa = PBXBuildFile; fileRef = E2DDB0E71CAB66DB007438E4 /* main.m */; };
		E2DDB0EB1CAB66DB007438E4 /* AppDelegate.m in Sources */ = {isa = PBXBuildFile; fileRef = E2DDB0EA1CAB66DB007438E4 /* AppDelegate.m */; };
		E2DDB0F31CAB66DB007438E4 /* Assets.xcassets in Resources */ = {isa = PBXBuildFile; fileRef = E2DDB0F21CAB66DB007438E4 /* Assets.xcassets */; };
		E2DDB1011CAB66DB007438E4 /* ___Tests.m in Sources */ = {isa = PBXBuildFile; fileRef = E2DDB1001CAB66DB007438E4 /* ___Tests.m */; };
		E2DDB10C1CAB66DB007438E4 /* ___UITests.m in Sources */ = {isa = PBXBuildFile; fileRef = E2DDB10B1CAB66DB007438E4 /* ___UITests.m */; };
/* End PBXBuildFile section */

/* Begin PBXContainerItemProxy section */
		E2DDB0FD1CAB66DB007438E4 /* PBXContainerItemProxy */ = {
			isa = PBXContainerItemProxy;
			containerPortal = E2DDB0DB1CAB66DB007438E4 /* Project object */;
			proxyType = 1;
			remoteGlobalIDString = E2DDB0E21CAB66DB007438E4;
			remoteInfo = "融易投";
		};
		E2DDB1081CAB66DB007438E4 /* PBXContainerItemProxy */ = {
			isa = PBXContainerItemProxy;
			containerPortal = E2DDB0DB1CAB66DB007438E4 /* Project object */;
			proxyType = 1;
			remoteGlobalIDString = E2DDB0E21CAB66DB007438E4;
			remoteInfo = "融易投";
		};
/* End PBXContainerItemProxy section */

/* Begin PBXFileReference section */
		218D2B381CACB2F9004553B9 /* CommonNavigationController.h */ = {isa = PBXFileReference; fileEncoding = 4; lastKnownFileType = sourcecode.c.h; path = CommonNavigationController.h; sourceTree = "<group>"; };
		218D2B391CACB2F9004553B9 /* CommonNavigationController.m */ = {isa = PBXFileReference; fileEncoding = 4; lastKnownFileType = sourcecode.c.objc; path = CommonNavigationController.m; sourceTree = "<group>"; };
		218D2B3A1CACB2F9004553B9 /* CommonTabBarViewController.h */ = {isa = PBXFileReference; fileEncoding = 4; lastKnownFileType = sourcecode.c.h; path = CommonTabBarViewController.h; sourceTree = "<group>"; };
		218D2B3B1CACB2F9004553B9 /* CommonTabBarViewController.m */ = {isa = PBXFileReference; fileEncoding = 4; lastKnownFileType = sourcecode.c.objc; path = CommonTabBarViewController.m; sourceTree = "<group>"; };
		218D2B3E1CACB310004553B9 /* DiscoveryTableViewController.h */ = {isa = PBXFileReference; fileEncoding = 4; lastKnownFileType = sourcecode.c.h; path = DiscoveryTableViewController.h; sourceTree = "<group>"; };
		218D2B3F1CACB310004553B9 /* DiscoveryTableViewController.m */ = {isa = PBXFileReference; fileEncoding = 4; lastKnownFileType = sourcecode.c.objc; path = DiscoveryTableViewController.m; sourceTree = "<group>"; };
		218D2B401CACB310004553B9 /* DiscoveryTableViewController.xib */ = {isa = PBXFileReference; fileEncoding = 4; lastKnownFileType = file.xib; path = DiscoveryTableViewController.xib; sourceTree = "<group>"; };
		218D2B431CACB325004553B9 /* MainTableViewController.h */ = {isa = PBXFileReference; fileEncoding = 4; lastKnownFileType = sourcecode.c.h; path = MainTableViewController.h; sourceTree = "<group>"; };
		218D2B441CACB325004553B9 /* MainTableViewController.m */ = {isa = PBXFileReference; fileEncoding = 4; lastKnownFileType = sourcecode.c.objc; path = MainTableViewController.m; sourceTree = "<group>"; };
		218D2B451CACB325004553B9 /* MainTableViewController.xib */ = {isa = PBXFileReference; fileEncoding = 4; lastKnownFileType = file.xib; path = MainTableViewController.xib; sourceTree = "<group>"; };
		218D2B481CACB335004553B9 /* MessageTableViewController.h */ = {isa = PBXFileReference; fileEncoding = 4; lastKnownFileType = sourcecode.c.h; path = MessageTableViewController.h; sourceTree = "<group>"; };
		218D2B491CACB335004553B9 /* MessageTableViewController.m */ = {isa = PBXFileReference; fileEncoding = 4; lastKnownFileType = sourcecode.c.objc; path = MessageTableViewController.m; sourceTree = "<group>"; };
		218D2B4A1CACB335004553B9 /* MessageTableViewController.xib */ = {isa = PBXFileReference; fileEncoding = 4; lastKnownFileType = file.xib; path = MessageTableViewController.xib; sourceTree = "<group>"; };
		218D2B4D1CACB349004553B9 /* MeTableViewController.h */ = {isa = PBXFileReference; fileEncoding = 4; lastKnownFileType = sourcecode.c.h; path = MeTableViewController.h; sourceTree = "<group>"; };
		218D2B4E1CACB349004553B9 /* MeTableViewController.m */ = {isa = PBXFileReference; fileEncoding = 4; lastKnownFileType = sourcecode.c.objc; path = MeTableViewController.m; sourceTree = "<group>"; };
		218D2B4F1CACB349004553B9 /* MeTableViewController.xib */ = {isa = PBXFileReference; fileEncoding = 4; lastKnownFileType = file.xib; path = MeTableViewController.xib; sourceTree = "<group>"; };
		218D2B521CACB35C004553B9 /* UIBarButtonItem+Item.h */ = {isa = PBXFileReference; fileEncoding = 4; lastKnownFileType = sourcecode.c.h; path = "UIBarButtonItem+Item.h"; sourceTree = "<group>"; };
		218D2B531CACB35C004553B9 /* UIBarButtonItem+Item.m */ = {isa = PBXFileReference; fileEncoding = 4; lastKnownFileType = sourcecode.c.objc; path = "UIBarButtonItem+Item.m"; sourceTree = "<group>"; };
		218D2B541CACB35C004553B9 /* UIImage+Image.h */ = {isa = PBXFileReference; fileEncoding = 4; lastKnownFileType = sourcecode.c.h; path = "UIImage+Image.h"; sourceTree = "<group>"; };
		218D2B551CACB35C004553B9 /* UIImage+Image.m */ = {isa = PBXFileReference; fileEncoding = 4; lastKnownFileType = sourcecode.c.objc; path = "UIImage+Image.m"; sourceTree = "<group>"; };
		218D2B561CACB35C004553B9 /* UIView+Frame.h */ = {isa = PBXFileReference; fileEncoding = 4; lastKnownFileType = sourcecode.c.h; path = "UIView+Frame.h"; sourceTree = "<group>"; };
		218D2B571CACB35C004553B9 /* UIView+Frame.m */ = {isa = PBXFileReference; fileEncoding = 4; lastKnownFileType = sourcecode.c.objc; path = "UIView+Frame.m"; sourceTree = "<group>"; };
		218D2B5B1CACB5B9004553B9 /* Launch Screen.storyboard */ = {isa = PBXFileReference; fileEncoding = 4; lastKnownFileType = file.storyboard; path = "Launch Screen.storyboard"; sourceTree = "<group>"; };
		218D2B791CACBBC2004553B9 /* LognController.h */ = {isa = PBXFileReference; fileEncoding = 4; lastKnownFileType = sourcecode.c.h; path = LognController.h; sourceTree = "<group>"; };
		218D2B7A1CACBBC2004553B9 /* LognController.m */ = {isa = PBXFileReference; fileEncoding = 4; lastKnownFileType = sourcecode.c.objc; path = LognController.m; sourceTree = "<group>"; };
		218D2B7B1CACBBC2004553B9 /* LognController.xib */ = {isa = PBXFileReference; fileEncoding = 4; lastKnownFileType = file.xib; path = LognController.xib; sourceTree = "<group>"; };
		21904CED1CAD3C7800AD7A3F /* CompleteUserInfoController.h */ = {isa = PBXFileReference; fileEncoding = 4; lastKnownFileType = sourcecode.c.h; path = CompleteUserInfoController.h; sourceTree = "<group>"; };
		21904CEE1CAD3C7800AD7A3F /* CompleteUserInfoController.m */ = {isa = PBXFileReference; fileEncoding = 4; lastKnownFileType = sourcecode.c.objc; path = CompleteUserInfoController.m; sourceTree = "<group>"; };
		21904CEF1CAD3C7800AD7A3F /* CompleteUserInfoController.xib */ = {isa = PBXFileReference; fileEncoding = 4; lastKnownFileType = file.xib; path = CompleteUserInfoController.xib; sourceTree = "<group>"; };
		21904CF21CAD3C8B00AD7A3F /* ForgetPasswordViewController.h */ = {isa = PBXFileReference; fileEncoding = 4; lastKnownFileType = sourcecode.c.h; path = ForgetPasswordViewController.h; sourceTree = "<group>"; };
		21904CF31CAD3C8B00AD7A3F /* ForgetPasswordViewController.m */ = {isa = PBXFileReference; fileEncoding = 4; lastKnownFileType = sourcecode.c.objc; path = ForgetPasswordViewController.m; sourceTree = "<group>"; };
		21904CF41CAD3C8B00AD7A3F /* ForgetPasswordViewController.xib */ = {isa = PBXFileReference; fileEncoding = 4; lastKnownFileType = file.xib; path = ForgetPasswordViewController.xib; sourceTree = "<group>"; };
		21904CF81CAD3CD100AD7A3F /* MKAnnotationView+WebCache.h */ = {isa = PBXFileReference; fileEncoding = 4; lastKnownFileType = sourcecode.c.h; path = "MKAnnotationView+WebCache.h"; sourceTree = "<group>"; };
		21904CF91CAD3CD100AD7A3F /* MKAnnotationView+WebCache.m */ = {isa = PBXFileReference; fileEncoding = 4; lastKnownFileType = sourcecode.c.objc; path = "MKAnnotationView+WebCache.m"; sourceTree = "<group>"; };
		21904CFA1CAD3CD100AD7A3F /* NSData+ImageContentType.h */ = {isa = PBXFileReference; fileEncoding = 4; lastKnownFileType = sourcecode.c.h; path = "NSData+ImageContentType.h"; sourceTree = "<group>"; };
		21904CFB1CAD3CD100AD7A3F /* NSData+ImageContentType.m */ = {isa = PBXFileReference; fileEncoding = 4; lastKnownFileType = sourcecode.c.objc; path = "NSData+ImageContentType.m"; sourceTree = "<group>"; };
		21904CFC1CAD3CD100AD7A3F /* SDImageCache.h */ = {isa = PBXFileReference; fileEncoding = 4; lastKnownFileType = sourcecode.c.h; path = SDImageCache.h; sourceTree = "<group>"; };
		21904CFD1CAD3CD100AD7A3F /* SDImageCache.m */ = {isa = PBXFileReference; fileEncoding = 4; lastKnownFileType = sourcecode.c.objc; path = SDImageCache.m; sourceTree = "<group>"; };
		21904CFE1CAD3CD100AD7A3F /* SDWebImageCompat.h */ = {isa = PBXFileReference; fileEncoding = 4; lastKnownFileType = sourcecode.c.h; path = SDWebImageCompat.h; sourceTree = "<group>"; };
		21904CFF1CAD3CD100AD7A3F /* SDWebImageCompat.m */ = {isa = PBXFileReference; fileEncoding = 4; lastKnownFileType = sourcecode.c.objc; path = SDWebImageCompat.m; sourceTree = "<group>"; };
		21904D001CAD3CD100AD7A3F /* SDWebImageDecoder.h */ = {isa = PBXFileReference; fileEncoding = 4; lastKnownFileType = sourcecode.c.h; path = SDWebImageDecoder.h; sourceTree = "<group>"; };
		21904D011CAD3CD100AD7A3F /* SDWebImageDecoder.m */ = {isa = PBXFileReference; fileEncoding = 4; lastKnownFileType = sourcecode.c.objc; path = SDWebImageDecoder.m; sourceTree = "<group>"; };
		21904D021CAD3CD100AD7A3F /* SDWebImageDownloader.h */ = {isa = PBXFileReference; fileEncoding = 4; lastKnownFileType = sourcecode.c.h; path = SDWebImageDownloader.h; sourceTree = "<group>"; };
		21904D031CAD3CD100AD7A3F /* SDWebImageDownloader.m */ = {isa = PBXFileReference; fileEncoding = 4; lastKnownFileType = sourcecode.c.objc; path = SDWebImageDownloader.m; sourceTree = "<group>"; };
		21904D041CAD3CD100AD7A3F /* SDWebImageDownloaderOperation.h */ = {isa = PBXFileReference; fileEncoding = 4; lastKnownFileType = sourcecode.c.h; path = SDWebImageDownloaderOperation.h; sourceTree = "<group>"; };
		21904D051CAD3CD100AD7A3F /* SDWebImageDownloaderOperation.m */ = {isa = PBXFileReference; fileEncoding = 4; lastKnownFileType = sourcecode.c.objc; path = SDWebImageDownloaderOperation.m; sourceTree = "<group>"; };
		21904D061CAD3CD100AD7A3F /* SDWebImageManager.h */ = {isa = PBXFileReference; fileEncoding = 4; lastKnownFileType = sourcecode.c.h; path = SDWebImageManager.h; sourceTree = "<group>"; };
		21904D071CAD3CD100AD7A3F /* SDWebImageManager.m */ = {isa = PBXFileReference; fileEncoding = 4; lastKnownFileType = sourcecode.c.objc; path = SDWebImageManager.m; sourceTree = "<group>"; };
		21904D081CAD3CD100AD7A3F /* SDWebImageOperation.h */ = {isa = PBXFileReference; fileEncoding = 4; lastKnownFileType = sourcecode.c.h; path = SDWebImageOperation.h; sourceTree = "<group>"; };
		21904D091CAD3CD100AD7A3F /* SDWebImagePrefetcher.h */ = {isa = PBXFileReference; fileEncoding = 4; lastKnownFileType = sourcecode.c.h; path = SDWebImagePrefetcher.h; sourceTree = "<group>"; };
		21904D0A1CAD3CD100AD7A3F /* SDWebImagePrefetcher.m */ = {isa = PBXFileReference; fileEncoding = 4; lastKnownFileType = sourcecode.c.objc; path = SDWebImagePrefetcher.m; sourceTree = "<group>"; };
		21904D0B1CAD3CD100AD7A3F /* UIButton+WebCache.h */ = {isa = PBXFileReference; fileEncoding = 4; lastKnownFileType = sourcecode.c.h; path = "UIButton+WebCache.h"; sourceTree = "<group>"; };
		21904D0C1CAD3CD100AD7A3F /* UIButton+WebCache.m */ = {isa = PBXFileReference; fileEncoding = 4; lastKnownFileType = sourcecode.c.objc; path = "UIButton+WebCache.m"; sourceTree = "<group>"; };
		21904D0D1CAD3CD100AD7A3F /* UIImage+GIF.h */ = {isa = PBXFileReference; fileEncoding = 4; lastKnownFileType = sourcecode.c.h; path = "UIImage+GIF.h"; sourceTree = "<group>"; };
		21904D0E1CAD3CD100AD7A3F /* UIImage+GIF.m */ = {isa = PBXFileReference; fileEncoding = 4; lastKnownFileType = sourcecode.c.objc; path = "UIImage+GIF.m"; sourceTree = "<group>"; };
		21904D0F1CAD3CD100AD7A3F /* UIImage+MultiFormat.h */ = {isa = PBXFileReference; fileEncoding = 4; lastKnownFileType = sourcecode.c.h; path = "UIImage+MultiFormat.h"; sourceTree = "<group>"; };
		21904D101CAD3CD100AD7A3F /* UIImage+MultiFormat.m */ = {isa = PBXFileReference; fileEncoding = 4; lastKnownFileType = sourcecode.c.objc; path = "UIImage+MultiFormat.m"; sourceTree = "<group>"; };
		21904D111CAD3CD100AD7A3F /* UIImage+WebP.h */ = {isa = PBXFileReference; fileEncoding = 4; lastKnownFileType = sourcecode.c.h; path = "UIImage+WebP.h"; sourceTree = "<group>"; };
		21904D121CAD3CD100AD7A3F /* UIImage+WebP.m */ = {isa = PBXFileReference; fileEncoding = 4; lastKnownFileType = sourcecode.c.objc; path = "UIImage+WebP.m"; sourceTree = "<group>"; };
		21904D131CAD3CD100AD7A3F /* UIImageView+HighlightedWebCache.h */ = {isa = PBXFileReference; fileEncoding = 4; lastKnownFileType = sourcecode.c.h; path = "UIImageView+HighlightedWebCache.h"; sourceTree = "<group>"; };
		21904D141CAD3CD100AD7A3F /* UIImageView+HighlightedWebCache.m */ = {isa = PBXFileReference; fileEncoding = 4; lastKnownFileType = sourcecode.c.objc; path = "UIImageView+HighlightedWebCache.m"; sourceTree = "<group>"; };
		21904D151CAD3CD100AD7A3F /* UIImageView+WebCache.h */ = {isa = PBXFileReference; fileEncoding = 4; lastKnownFileType = sourcecode.c.h; path = "UIImageView+WebCache.h"; sourceTree = "<group>"; };
		21904D161CAD3CD100AD7A3F /* UIImageView+WebCache.m */ = {isa = PBXFileReference; fileEncoding = 4; lastKnownFileType = sourcecode.c.objc; path = "UIImageView+WebCache.m"; sourceTree = "<group>"; };
		21904D171CAD3CD100AD7A3F /* UIView+WebCacheOperation.h */ = {isa = PBXFileReference; fileEncoding = 4; lastKnownFileType = sourcecode.c.h; path = "UIView+WebCacheOperation.h"; sourceTree = "<group>"; };
		21904D181CAD3CD100AD7A3F /* UIView+WebCacheOperation.m */ = {isa = PBXFileReference; fileEncoding = 4; lastKnownFileType = sourcecode.c.objc; path = "UIView+WebCacheOperation.m"; sourceTree = "<group>"; };
		E2D73DBF1CAD2CA9004CEFA3 /* RegViewController.h */ = {isa = PBXFileReference; fileEncoding = 4; lastKnownFileType = sourcecode.c.h; path = RegViewController.h; sourceTree = "<group>"; };
		E2D73DC01CAD2CA9004CEFA3 /* RegViewController.m */ = {isa = PBXFileReference; fileEncoding = 4; lastKnownFileType = sourcecode.c.objc; path = RegViewController.m; sourceTree = "<group>"; };
		E2D73DC11CAD2CA9004CEFA3 /* RegViewController.xib */ = {isa = PBXFileReference; fileEncoding = 4; lastKnownFileType = file.xib; path = RegViewController.xib; sourceTree = "<group>"; };
		E2DDB0E31CAB66DB007438E4 /* 融易投.app */ = {isa = PBXFileReference; explicitFileType = wrapper.application; includeInIndex = 0; path = "融易投.app"; sourceTree = BUILT_PRODUCTS_DIR; };
		E2DDB0E71CAB66DB007438E4 /* main.m */ = {isa = PBXFileReference; lastKnownFileType = sourcecode.c.objc; path = main.m; sourceTree = "<group>"; };
		E2DDB0E91CAB66DB007438E4 /* AppDelegate.h */ = {isa = PBXFileReference; lastKnownFileType = sourcecode.c.h; path = AppDelegate.h; sourceTree = "<group>"; };
		E2DDB0EA1CAB66DB007438E4 /* AppDelegate.m */ = {isa = PBXFileReference; lastKnownFileType = sourcecode.c.objc; path = AppDelegate.m; sourceTree = "<group>"; };
		E2DDB0F21CAB66DB007438E4 /* Assets.xcassets */ = {isa = PBXFileReference; lastKnownFileType = folder.assetcatalog; path = Assets.xcassets; sourceTree = "<group>"; };
		E2DDB0F71CAB66DB007438E4 /* Info.plist */ = {isa = PBXFileReference; lastKnownFileType = text.plist.xml; path = Info.plist; sourceTree = "<group>"; };
		E2DDB0FC1CAB66DB007438E4 /* 融易投Tests.xctest */ = {isa = PBXFileReference; explicitFileType = wrapper.cfbundle; includeInIndex = 0; path = "融易投Tests.xctest"; sourceTree = BUILT_PRODUCTS_DIR; };
		E2DDB1001CAB66DB007438E4 /* ___Tests.m */ = {isa = PBXFileReference; lastKnownFileType = sourcecode.c.objc; path = "___Tests.m"; sourceTree = "<group>"; };
		E2DDB1021CAB66DB007438E4 /* Info.plist */ = {isa = PBXFileReference; lastKnownFileType = text.plist.xml; path = Info.plist; sourceTree = "<group>"; };
		E2DDB1071CAB66DB007438E4 /* 融易投UITests.xctest */ = {isa = PBXFileReference; explicitFileType = wrapper.cfbundle; includeInIndex = 0; path = "融易投UITests.xctest"; sourceTree = BUILT_PRODUCTS_DIR; };
		E2DDB10B1CAB66DB007438E4 /* ___UITests.m */ = {isa = PBXFileReference; lastKnownFileType = sourcecode.c.objc; path = "___UITests.m"; sourceTree = "<group>"; };
		E2DDB10D1CAB66DB007438E4 /* Info.plist */ = {isa = PBXFileReference; lastKnownFileType = text.plist.xml; path = Info.plist; sourceTree = "<group>"; };
/* End PBXFileReference section */

/* Begin PBXFrameworksBuildPhase section */
		E2DDB0E01CAB66DB007438E4 /* Frameworks */ = {
			isa = PBXFrameworksBuildPhase;
			buildActionMask = 2147483647;
			files = (
			);
			runOnlyForDeploymentPostprocessing = 0;
		};
		E2DDB0F91CAB66DB007438E4 /* Frameworks */ = {
			isa = PBXFrameworksBuildPhase;
			buildActionMask = 2147483647;
			files = (
			);
			runOnlyForDeploymentPostprocessing = 0;
		};
		E2DDB1041CAB66DB007438E4 /* Frameworks */ = {
			isa = PBXFrameworksBuildPhase;
			buildActionMask = 2147483647;
			files = (
			);
			runOnlyForDeploymentPostprocessing = 0;
		};
/* End PBXFrameworksBuildPhase section */

/* Begin PBXGroup section */
		218D2B371CACB2E3004553B9 /* Main */ = {
			isa = PBXGroup;
			children = (
				218D2B381CACB2F9004553B9 /* CommonNavigationController.h */,
				218D2B391CACB2F9004553B9 /* CommonNavigationController.m */,
				218D2B3A1CACB2F9004553B9 /* CommonTabBarViewController.h */,
				218D2B3B1CACB2F9004553B9 /* CommonTabBarViewController.m */,
			);
			name = Main;
			sourceTree = "<group>";
		};
		21904CEC1CAD3C5300AD7A3F /* 注册完成完善界面 */ = {
			isa = PBXGroup;
			children = (
				21904CED1CAD3C7800AD7A3F /* CompleteUserInfoController.h */,
				21904CEE1CAD3C7800AD7A3F /* CompleteUserInfoController.m */,
				21904CEF1CAD3C7800AD7A3F /* CompleteUserInfoController.xib */,
			);
			name = "注册完成完善界面";
			sourceTree = "<group>";
		};
		21904CF71CAD3CD100AD7A3F /* SDWebImage */ = {
			isa = PBXGroup;
			children = (
				21904CF81CAD3CD100AD7A3F /* MKAnnotationView+WebCache.h */,
				21904CF91CAD3CD100AD7A3F /* MKAnnotationView+WebCache.m */,
				21904CFA1CAD3CD100AD7A3F /* NSData+ImageContentType.h */,
				21904CFB1CAD3CD100AD7A3F /* NSData+ImageContentType.m */,
				21904CFC1CAD3CD100AD7A3F /* SDImageCache.h */,
				21904CFD1CAD3CD100AD7A3F /* SDImageCache.m */,
				21904CFE1CAD3CD100AD7A3F /* SDWebImageCompat.h */,
				21904CFF1CAD3CD100AD7A3F /* SDWebImageCompat.m */,
				21904D001CAD3CD100AD7A3F /* SDWebImageDecoder.h */,
				21904D011CAD3CD100AD7A3F /* SDWebImageDecoder.m */,
				21904D021CAD3CD100AD7A3F /* SDWebImageDownloader.h */,
				21904D031CAD3CD100AD7A3F /* SDWebImageDownloader.m */,
				21904D041CAD3CD100AD7A3F /* SDWebImageDownloaderOperation.h */,
				21904D051CAD3CD100AD7A3F /* SDWebImageDownloaderOperation.m */,
				21904D061CAD3CD100AD7A3F /* SDWebImageManager.h */,
				21904D071CAD3CD100AD7A3F /* SDWebImageManager.m */,
				21904D081CAD3CD100AD7A3F /* SDWebImageOperation.h */,
				21904D091CAD3CD100AD7A3F /* SDWebImagePrefetcher.h */,
				21904D0A1CAD3CD100AD7A3F /* SDWebImagePrefetcher.m */,
				21904D0B1CAD3CD100AD7A3F /* UIButton+WebCache.h */,
				21904D0C1CAD3CD100AD7A3F /* UIButton+WebCache.m */,
				21904D0D1CAD3CD100AD7A3F /* UIImage+GIF.h */,
				21904D0E1CAD3CD100AD7A3F /* UIImage+GIF.m */,
				21904D0F1CAD3CD100AD7A3F /* UIImage+MultiFormat.h */,
				21904D101CAD3CD100AD7A3F /* UIImage+MultiFormat.m */,
				21904D111CAD3CD100AD7A3F /* UIImage+WebP.h */,
				21904D121CAD3CD100AD7A3F /* UIImage+WebP.m */,
				21904D131CAD3CD100AD7A3F /* UIImageView+HighlightedWebCache.h */,
				21904D141CAD3CD100AD7A3F /* UIImageView+HighlightedWebCache.m */,
				21904D151CAD3CD100AD7A3F /* UIImageView+WebCache.h */,
				21904D161CAD3CD100AD7A3F /* UIImageView+WebCache.m */,
				21904D171CAD3CD100AD7A3F /* UIView+WebCacheOperation.h */,
				21904D181CAD3CD100AD7A3F /* UIView+WebCacheOperation.m */,
			);
			path = SDWebImage;
			sourceTree = "<group>";
		};
		E2DDB0DA1CAB66DB007438E4 = {
			isa = PBXGroup;
			children = (
				E2DDB0E51CAB66DB007438E4 /* 融易投 */,
				E2DDB0FF1CAB66DB007438E4 /* 融易投Tests */,
				E2DDB10A1CAB66DB007438E4 /* 融易投UITests */,
				E2DDB0E41CAB66DB007438E4 /* Products */,
			);
			sourceTree = "<group>";
		};
		E2DDB0E41CAB66DB007438E4 /* Products */ = {
			isa = PBXGroup;
			children = (
				E2DDB0E31CAB66DB007438E4 /* 融易投.app */,
				E2DDB0FC1CAB66DB007438E4 /* 融易投Tests.xctest */,
				E2DDB1071CAB66DB007438E4 /* 融易投UITests.xctest */,
			);
			name = Products;
			sourceTree = "<group>";
		};
		E2DDB0E51CAB66DB007438E4 /* 融易投 */ = {
			isa = PBXGroup;
			children = (
				E2DDB0E91CAB66DB007438E4 /* AppDelegate.h */,
				E2DDB0EA1CAB66DB007438E4 /* AppDelegate.m */,
				218D2B371CACB2E3004553B9 /* Main */,
				E2DDB1B01CABA935007438E4 /* Lib */,
				E2DDB1AA1CABA76B007438E4 /* Other */,
				E2DDB19C1CABA664007438E4 /* Model */,
				E2DDB19B1CABA65E007438E4 /* View */,
				E2DDB19A1CABA64E007438E4 /* Controller */,
				E2DDB0F21CAB66DB007438E4 /* Assets.xcassets */,
				E2DDB0F71CAB66DB007438E4 /* Info.plist */,
				218D2B5B1CACB5B9004553B9 /* Launch Screen.storyboard */,
				E2DDB0E61CAB66DB007438E4 /* Supporting Files */,
			);
			path = "融易投";
			sourceTree = "<group>";
		};
		E2DDB0E61CAB66DB007438E4 /* Supporting Files */ = {
			isa = PBXGroup;
			children = (
				E2DDB0E71CAB66DB007438E4 /* main.m */,
			);
			name = "Supporting Files";
			sourceTree = "<group>";
		};
		E2DDB0FF1CAB66DB007438E4 /* 融易投Tests */ = {
			isa = PBXGroup;
			children = (
				E2DDB1001CAB66DB007438E4 /* ___Tests.m */,
				E2DDB1021CAB66DB007438E4 /* Info.plist */,
			);
			path = "融易投Tests";
			sourceTree = "<group>";
		};
		E2DDB10A1CAB66DB007438E4 /* 融易投UITests */ = {
			isa = PBXGroup;
			children = (
				E2DDB10B1CAB66DB007438E4 /* ___UITests.m */,
				E2DDB10D1CAB66DB007438E4 /* Info.plist */,
			);
			path = "融易投UITests";
			sourceTree = "<group>";
		};
		E2DDB19A1CABA64E007438E4 /* Controller */ = {
			isa = PBXGroup;
			children = (
				E2DDB1B51CABA9FB007438E4 /* 支付 */,
				E2DDB1B11CABA963007438E4 /* 登录/注册 */,
				E2DDB1A01CABA6B5007438E4 /* 消息 */,
				E2DDB19F1CABA6AD007438E4 /* 我的 */,
				E2DDB19E1CABA6A3007438E4 /* 发现 */,
				E2DDB19D1CABA677007438E4 /* 首页 */,
			);
			name = Controller;
			sourceTree = "<group>";
		};
		E2DDB19B1CABA65E007438E4 /* View */ = {
			isa = PBXGroup;
			children = (
				E2DDB1BD1CABAAA0007438E4 /* 支付 */,
				E2DDB1BC1CABAA97007438E4 /* 登录/注册 */,
				E2DDB1BB1CABAA8D007438E4 /* 消息 */,
				E2DDB1BA1CABAA86007438E4 /* 我的 */,
				E2DDB1B91CABAA4E007438E4 /* 发现 */,
				E2DDB1B81CABAA3A007438E4 /* 首页 */,
			);
			name = View;
			sourceTree = "<group>";
		};
		E2DDB19C1CABA664007438E4 /* Model */ = {
			isa = PBXGroup;
			children = (
			);
			name = Model;
			sourceTree = "<group>";
		};
		E2DDB19D1CABA677007438E4 /* 首页 */ = {
			isa = PBXGroup;
			children = (
				218D2B431CACB325004553B9 /* MainTableViewController.h */,
				218D2B441CACB325004553B9 /* MainTableViewController.m */,
				218D2B451CACB325004553B9 /* MainTableViewController.xib */,
				E2DDB1A31CABA6EF007438E4 /* 拍卖 */,
				E2DDB1A21CABA6DA007438E4 /* 创作 */,
				E2DDB1A11CABA6D3007438E4 /* 融资 */,
			);
			name = "首页";
			sourceTree = "<group>";
		};
		E2DDB19E1CABA6A3007438E4 /* 发现 */ = {
			isa = PBXGroup;
			children = (
				218D2B3E1CACB310004553B9 /* DiscoveryTableViewController.h */,
				218D2B3F1CACB310004553B9 /* DiscoveryTableViewController.m */,
				218D2B401CACB310004553B9 /* DiscoveryTableViewController.xib */,
			);
			name = "发现";
			sourceTree = "<group>";
		};
		E2DDB19F1CABA6AD007438E4 /* 我的 */ = {
			isa = PBXGroup;
			children = (
				218D2B4D1CACB349004553B9 /* MeTableViewController.h */,
				218D2B4E1CACB349004553B9 /* MeTableViewController.m */,
				218D2B4F1CACB349004553B9 /* MeTableViewController.xib */,
				E2DDB1AC1CABA8F2007438E4 /* 设置 */,
				E2DDB1AB1CABA8DF007438E4 /* 申请艺术家 */,
			);
			name = "我的";
			sourceTree = "<group>";
		};
		E2DDB1A01CABA6B5007438E4 /* 消息 */ = {
			isa = PBXGroup;
			children = (
				218D2B481CACB335004553B9 /* MessageTableViewController.h */,
				218D2B491CACB335004553B9 /* MessageTableViewController.m */,
				218D2B4A1CACB335004553B9 /* MessageTableViewController.xib */,
				E2DDB1AF1CABA90B007438E4 /* 动态 */,
				E2DDB1AE1CABA902007438E4 /* 私信 */,
				E2DDB1AD1CABA8F8007438E4 /* 通知 */,
			);
			name = "消息";
			sourceTree = "<group>";
		};
		E2DDB1A11CABA6D3007438E4 /* 融资 */ = {
			isa = PBXGroup;
			children = (
				E2DDB1A51CABA70E007438E4 /* 非详情 */,
				E2DDB1A41CABA701007438E4 /* 详情 */,
			);
			name = "融资";
			sourceTree = "<group>";
		};
		E2DDB1A21CABA6DA007438E4 /* 创作 */ = {
			isa = PBXGroup;
			children = (
				E2DDB1A71CABA72B007438E4 /* 非详情 */,
				E2DDB1A61CABA721007438E4 /* 详情 */,
			);
			name = "创作";
			sourceTree = "<group>";
		};
		E2DDB1A31CABA6EF007438E4 /* 拍卖 */ = {
			isa = PBXGroup;
			children = (
				E2DDB1A91CABA742007438E4 /* 非详情 */,
				E2DDB1A81CABA739007438E4 /* 详情 */,
			);
			name = "拍卖";
			sourceTree = "<group>";
		};
		E2DDB1A41CABA701007438E4 /* 详情 */ = {
			isa = PBXGroup;
			children = (
			);
			name = "详情";
			sourceTree = "<group>";
		};
		E2DDB1A51CABA70E007438E4 /* 非详情 */ = {
			isa = PBXGroup;
			children = (
			);
			name = "非详情";
			sourceTree = "<group>";
		};
		E2DDB1A61CABA721007438E4 /* 详情 */ = {
			isa = PBXGroup;
			children = (
			);
			name = "详情";
			sourceTree = "<group>";
		};
		E2DDB1A71CABA72B007438E4 /* 非详情 */ = {
			isa = PBXGroup;
			children = (
			);
			name = "非详情";
			sourceTree = "<group>";
		};
		E2DDB1A81CABA739007438E4 /* 详情 */ = {
			isa = PBXGroup;
			children = (
			);
			name = "详情";
			sourceTree = "<group>";
		};
		E2DDB1A91CABA742007438E4 /* 非详情 */ = {
			isa = PBXGroup;
			children = (
			);
			name = "非详情";
			sourceTree = "<group>";
		};
		E2DDB1AA1CABA76B007438E4 /* Other */ = {
			isa = PBXGroup;
			children = (
				218D2B521CACB35C004553B9 /* UIBarButtonItem+Item.h */,
				218D2B531CACB35C004553B9 /* UIBarButtonItem+Item.m */,
				218D2B541CACB35C004553B9 /* UIImage+Image.h */,
				218D2B551CACB35C004553B9 /* UIImage+Image.m */,
				218D2B561CACB35C004553B9 /* UIView+Frame.h */,
				218D2B571CACB35C004553B9 /* UIView+Frame.m */,
			);
			name = Other;
			sourceTree = "<group>";
		};
		E2DDB1AB1CABA8DF007438E4 /* 申请艺术家 */ = {
			isa = PBXGroup;
			children = (
			);
			name = "申请艺术家";
			sourceTree = "<group>";
		};
		E2DDB1AC1CABA8F2007438E4 /* 设置 */ = {
			isa = PBXGroup;
			children = (
			);
			name = "设置";
			sourceTree = "<group>";
		};
		E2DDB1AD1CABA8F8007438E4 /* 通知 */ = {
			isa = PBXGroup;
			children = (
			);
			name = "通知";
			sourceTree = "<group>";
		};
		E2DDB1AE1CABA902007438E4 /* 私信 */ = {
			isa = PBXGroup;
			children = (
			);
			name = "私信";
			sourceTree = "<group>";
		};
		E2DDB1AF1CABA90B007438E4 /* 动态 */ = {
			isa = PBXGroup;
			children = (
			);
			name = "动态";
			sourceTree = "<group>";
		};
		E2DDB1B01CABA935007438E4 /* Lib */ = {
			isa = PBXGroup;
			children = (
				21904CF71CAD3CD100AD7A3F /* SDWebImage */,
			);
			name = Lib;
			sourceTree = "<group>";
		};
		E2DDB1B11CABA963007438E4 /* 登录/注册 */ = {
			isa = PBXGroup;
			children = (
				21904CEC1CAD3C5300AD7A3F /* 注册完成完善界面 */,
				E2DDB1B41CABA988007438E4 /* 注册 */,
				E2DDB1B31CABA980007438E4 /* 忘记密码 */,
				E2DDB1B21CABA979007438E4 /* 登录 */,
			);
			name = "登录/注册";
			sourceTree = "<group>";
		};
		E2DDB1B21CABA979007438E4 /* 登录 */ = {
			isa = PBXGroup;
			children = (
				218D2B791CACBBC2004553B9 /* LognController.h */,
				218D2B7A1CACBBC2004553B9 /* LognController.m */,
				218D2B7B1CACBBC2004553B9 /* LognController.xib */,
			);
			name = "登录";
			sourceTree = "<group>";
		};
		E2DDB1B31CABA980007438E4 /* 忘记密码 */ = {
			isa = PBXGroup;
			children = (
				21904CF21CAD3C8B00AD7A3F /* ForgetPasswordViewController.h */,
				21904CF31CAD3C8B00AD7A3F /* ForgetPasswordViewController.m */,
				21904CF41CAD3C8B00AD7A3F /* ForgetPasswordViewController.xib */,
			);
			name = "忘记密码";
			sourceTree = "<group>";
		};
		E2DDB1B41CABA988007438E4 /* 注册 */ = {
			isa = PBXGroup;
			children = (
				E2D73DBF1CAD2CA9004CEFA3 /* RegViewController.h */,
				E2D73DC01CAD2CA9004CEFA3 /* RegViewController.m */,
				E2D73DC11CAD2CA9004CEFA3 /* RegViewController.xib */,
			);
			name = "注册";
			sourceTree = "<group>";
		};
		E2DDB1B51CABA9FB007438E4 /* 支付 */ = {
			isa = PBXGroup;
			children = (
				E2DDB1B71CABAA0B007438E4 /* 微信 */,
				E2DDB1B61CABAA05007438E4 /* 支付宝 */,
			);
			name = "支付";
			sourceTree = "<group>";
		};
		E2DDB1B61CABAA05007438E4 /* 支付宝 */ = {
			isa = PBXGroup;
			children = (
			);
			name = "支付宝";
			sourceTree = "<group>";
		};
		E2DDB1B71CABAA0B007438E4 /* 微信 */ = {
			isa = PBXGroup;
			children = (
			);
			name = "微信";
			sourceTree = "<group>";
		};
		E2DDB1B81CABAA3A007438E4 /* 首页 */ = {
			isa = PBXGroup;
			children = (
				E2DDB1C01CABAAC8007438E4 /* 拍卖 */,
				E2DDB1BF1CABAABE007438E4 /* 创作 */,
				E2DDB1BE1CABAAB2007438E4 /* 融资 */,
			);
			name = "首页";
			sourceTree = "<group>";
		};
		E2DDB1B91CABAA4E007438E4 /* 发现 */ = {
			isa = PBXGroup;
			children = (
			);
			name = "发现";
			sourceTree = "<group>";
		};
		E2DDB1BA1CABAA86007438E4 /* 我的 */ = {
			isa = PBXGroup;
			children = (
				E2DDB1C81CABAB35007438E4 /* 设置 */,
				E2DDB1C71CABAB28007438E4 /* 申请艺术家 */,
			);
			name = "我的";
			sourceTree = "<group>";
		};
		E2DDB1BB1CABAA8D007438E4 /* 消息 */ = {
			isa = PBXGroup;
			children = (
				E2DDB1CB1CABAB5A007438E4 /* 动态 */,
				E2DDB1CA1CABAB54007438E4 /* 私信 */,
				E2DDB1C91CABAB4C007438E4 /* 通知 */,
			);
			name = "消息";
			sourceTree = "<group>";
		};
		E2DDB1BC1CABAA97007438E4 /* 登录/注册 */ = {
			isa = PBXGroup;
			children = (
				E2DDB1CE1CABAB8F007438E4 /* 注册 */,
				E2DDB1CD1CABAB84007438E4 /* 忘记密码 */,
				E2DDB1CC1CABAB7D007438E4 /* 登录 */,
			);
			name = "登录/注册";
			sourceTree = "<group>";
		};
		E2DDB1BD1CABAAA0007438E4 /* 支付 */ = {
			isa = PBXGroup;
			children = (
				E2DDB1D01CABABF3007438E4 /* 微信 */,
				E2DDB1CF1CABABEA007438E4 /* 支付宝 */,
			);
			name = "支付";
			sourceTree = "<group>";
		};
		E2DDB1BE1CABAAB2007438E4 /* 融资 */ = {
			isa = PBXGroup;
			children = (
				E2DDB1C21CABAAF0007438E4 /* 非详情 */,
				E2DDB1C11CABAAE0007438E4 /* 详情 */,
			);
			name = "融资";
			sourceTree = "<group>";
		};
		E2DDB1BF1CABAABE007438E4 /* 创作 */ = {
			isa = PBXGroup;
			children = (
				E2DDB1C41CABAB05007438E4 /* 非详情 */,
				E2DDB1C31CABAAFB007438E4 /* 详情 */,
			);
			name = "创作";
			sourceTree = "<group>";
		};
		E2DDB1C01CABAAC8007438E4 /* 拍卖 */ = {
			isa = PBXGroup;
			children = (
				E2DDB1C61CABAB15007438E4 /* 非详情 */,
				E2DDB1C51CABAB0E007438E4 /* 详情 */,
			);
			name = "拍卖";
			sourceTree = "<group>";
		};
		E2DDB1C11CABAAE0007438E4 /* 详情 */ = {
			isa = PBXGroup;
			children = (
			);
			name = "详情";
			sourceTree = "<group>";
		};
		E2DDB1C21CABAAF0007438E4 /* 非详情 */ = {
			isa = PBXGroup;
			children = (
			);
			name = "非详情";
			sourceTree = "<group>";
		};
		E2DDB1C31CABAAFB007438E4 /* 详情 */ = {
			isa = PBXGroup;
			children = (
			);
			name = "详情";
			sourceTree = "<group>";
		};
		E2DDB1C41CABAB05007438E4 /* 非详情 */ = {
			isa = PBXGroup;
			children = (
			);
			name = "非详情";
			sourceTree = "<group>";
		};
		E2DDB1C51CABAB0E007438E4 /* 详情 */ = {
			isa = PBXGroup;
			children = (
			);
			name = "详情";
			sourceTree = "<group>";
		};
		E2DDB1C61CABAB15007438E4 /* 非详情 */ = {
			isa = PBXGroup;
			children = (
			);
			name = "非详情";
			sourceTree = "<group>";
		};
		E2DDB1C71CABAB28007438E4 /* 申请艺术家 */ = {
			isa = PBXGroup;
			children = (
			);
			name = "申请艺术家";
			sourceTree = "<group>";
		};
		E2DDB1C81CABAB35007438E4 /* 设置 */ = {
			isa = PBXGroup;
			children = (
			);
			name = "设置";
			sourceTree = "<group>";
		};
		E2DDB1C91CABAB4C007438E4 /* 通知 */ = {
			isa = PBXGroup;
			children = (
			);
			name = "通知";
			sourceTree = "<group>";
		};
		E2DDB1CA1CABAB54007438E4 /* 私信 */ = {
			isa = PBXGroup;
			children = (
			);
			name = "私信";
			sourceTree = "<group>";
		};
		E2DDB1CB1CABAB5A007438E4 /* 动态 */ = {
			isa = PBXGroup;
			children = (
			);
			name = "动态";
			sourceTree = "<group>";
		};
		E2DDB1CC1CABAB7D007438E4 /* 登录 */ = {
			isa = PBXGroup;
			children = (
			);
			name = "登录";
			sourceTree = "<group>";
		};
		E2DDB1CD1CABAB84007438E4 /* 忘记密码 */ = {
			isa = PBXGroup;
			children = (
			);
			name = "忘记密码";
			sourceTree = "<group>";
		};
		E2DDB1CE1CABAB8F007438E4 /* 注册 */ = {
			isa = PBXGroup;
			children = (
			);
			name = "注册";
			sourceTree = "<group>";
		};
		E2DDB1CF1CABABEA007438E4 /* 支付宝 */ = {
			isa = PBXGroup;
			children = (
			);
			name = "支付宝";
			sourceTree = "<group>";
		};
		E2DDB1D01CABABF3007438E4 /* 微信 */ = {
			isa = PBXGroup;
			children = (
			);
			name = "微信";
			sourceTree = "<group>";
		};
/* End PBXGroup section */

/* Begin PBXNativeTarget section */
		E2DDB0E21CAB66DB007438E4 /* 融易投 */ = {
			isa = PBXNativeTarget;
			buildConfigurationList = E2DDB1101CAB66DB007438E4 /* Build configuration list for PBXNativeTarget "融易投" */;
			buildPhases = (
				E2DDB0DF1CAB66DB007438E4 /* Sources */,
				E2DDB0E01CAB66DB007438E4 /* Frameworks */,
				E2DDB0E11CAB66DB007438E4 /* Resources */,
			);
			buildRules = (
			);
			dependencies = (
			);
			name = "融易投";
			productName = "融易投";
			productReference = E2DDB0E31CAB66DB007438E4 /* 融易投.app */;
			productType = "com.apple.product-type.application";
		};
		E2DDB0FB1CAB66DB007438E4 /* 融易投Tests */ = {
			isa = PBXNativeTarget;
			buildConfigurationList = E2DDB1131CAB66DB007438E4 /* Build configuration list for PBXNativeTarget "融易投Tests" */;
			buildPhases = (
				E2DDB0F81CAB66DB007438E4 /* Sources */,
				E2DDB0F91CAB66DB007438E4 /* Frameworks */,
				E2DDB0FA1CAB66DB007438E4 /* Resources */,
			);
			buildRules = (
			);
			dependencies = (
				E2DDB0FE1CAB66DB007438E4 /* PBXTargetDependency */,
			);
			name = "融易投Tests";
			productName = "融易投Tests";
			productReference = E2DDB0FC1CAB66DB007438E4 /* 融易投Tests.xctest */;
			productType = "com.apple.product-type.bundle.unit-test";
		};
		E2DDB1061CAB66DB007438E4 /* 融易投UITests */ = {
			isa = PBXNativeTarget;
			buildConfigurationList = E2DDB1161CAB66DB007438E4 /* Build configuration list for PBXNativeTarget "融易投UITests" */;
			buildPhases = (
				E2DDB1031CAB66DB007438E4 /* Sources */,
				E2DDB1041CAB66DB007438E4 /* Frameworks */,
				E2DDB1051CAB66DB007438E4 /* Resources */,
			);
			buildRules = (
			);
			dependencies = (
				E2DDB1091CAB66DB007438E4 /* PBXTargetDependency */,
			);
			name = "融易投UITests";
			productName = "融易投UITests";
			productReference = E2DDB1071CAB66DB007438E4 /* 融易投UITests.xctest */;
			productType = "com.apple.product-type.bundle.ui-testing";
		};
/* End PBXNativeTarget section */

/* Begin PBXProject section */
		E2DDB0DB1CAB66DB007438E4 /* Project object */ = {
			isa = PBXProject;
			attributes = {
				LastUpgradeCheck = 0720;
				ORGANIZATIONNAME = dongxin;
				TargetAttributes = {
					E2DDB0E21CAB66DB007438E4 = {
						CreatedOnToolsVersion = 7.2.1;
						DevelopmentTeam = 68Y8JTBJWD;
					};
					E2DDB0FB1CAB66DB007438E4 = {
						CreatedOnToolsVersion = 7.2.1;
						TestTargetID = E2DDB0E21CAB66DB007438E4;
					};
					E2DDB1061CAB66DB007438E4 = {
						CreatedOnToolsVersion = 7.2.1;
						TestTargetID = E2DDB0E21CAB66DB007438E4;
					};
				};
			};
			buildConfigurationList = E2DDB0DE1CAB66DB007438E4 /* Build configuration list for PBXProject "融易投" */;
			compatibilityVersion = "Xcode 3.2";
			developmentRegion = English;
			hasScannedForEncodings = 0;
			knownRegions = (
				en,
				Base,
			);
			mainGroup = E2DDB0DA1CAB66DB007438E4;
			productRefGroup = E2DDB0E41CAB66DB007438E4 /* Products */;
			projectDirPath = "";
			projectRoot = "";
			targets = (
				E2DDB0E21CAB66DB007438E4 /* 融易投 */,
				E2DDB0FB1CAB66DB007438E4 /* 融易投Tests */,
				E2DDB1061CAB66DB007438E4 /* 融易投UITests */,
			);
		};
/* End PBXProject section */

/* Begin PBXResourcesBuildPhase section */
		E2DDB0E11CAB66DB007438E4 /* Resources */ = {
			isa = PBXResourcesBuildPhase;
			buildActionMask = 2147483647;
			files = (
				218D2B5C1CACB5B9004553B9 /* Launch Screen.storyboard in Resources */,
				218D2B421CACB310004553B9 /* DiscoveryTableViewController.xib in Resources */,
				218D2B4C1CACB335004553B9 /* MessageTableViewController.xib in Resources */,
				E2D73DC31CAD2CA9004CEFA3 /* RegViewController.xib in Resources */,
				218D2B471CACB325004553B9 /* MainTableViewController.xib in Resources */,
				E2DDB0F31CAB66DB007438E4 /* Assets.xcassets in Resources */,
				21904CF61CAD3C8B00AD7A3F /* ForgetPasswordViewController.xib in Resources */,
				218D2B511CACB349004553B9 /* MeTableViewController.xib in Resources */,
				218D2B7D1CACBBC2004553B9 /* LognController.xib in Resources */,
				21904CF11CAD3C7800AD7A3F /* CompleteUserInfoController.xib in Resources */,
			);
			runOnlyForDeploymentPostprocessing = 0;
		};
		E2DDB0FA1CAB66DB007438E4 /* Resources */ = {
			isa = PBXResourcesBuildPhase;
			buildActionMask = 2147483647;
			files = (
			);
			runOnlyForDeploymentPostprocessing = 0;
		};
		E2DDB1051CAB66DB007438E4 /* Resources */ = {
			isa = PBXResourcesBuildPhase;
			buildActionMask = 2147483647;
			files = (
			);
			runOnlyForDeploymentPostprocessing = 0;
		};
/* End PBXResourcesBuildPhase section */

/* Begin PBXSourcesBuildPhase section */
		E2DDB0DF1CAB66DB007438E4 /* Sources */ = {
			isa = PBXSourcesBuildPhase;
			buildActionMask = 2147483647;
			files = (
				21904D231CAD3CD100AD7A3F /* UIImage+GIF.m in Sources */,
				21904D201CAD3CD100AD7A3F /* SDWebImageManager.m in Sources */,
				21904D271CAD3CD100AD7A3F /* UIImageView+WebCache.m in Sources */,
				21904D1F1CAD3CD100AD7A3F /* SDWebImageDownloaderOperation.m in Sources */,
				218D2B7C1CACBBC2004553B9 /* LognController.m in Sources */,
				21904D1B1CAD3CD100AD7A3F /* SDImageCache.m in Sources */,
				21904D191CAD3CD100AD7A3F /* MKAnnotationView+WebCache.m in Sources */,
				218D2B3C1CACB2F9004553B9 /* CommonNavigationController.m in Sources */,
				21904D241CAD3CD100AD7A3F /* UIImage+MultiFormat.m in Sources */,
				21904CF51CAD3C8B00AD7A3F /* ForgetPasswordViewController.m in Sources */,
				218D2B4B1CACB335004553B9 /* MessageTableViewController.m in Sources */,
				21904D281CAD3CD100AD7A3F /* UIView+WebCacheOperation.m in Sources */,
				E2DDB0EB1CAB66DB007438E4 /* AppDelegate.m in Sources */,
				21904D251CAD3CD100AD7A3F /* UIImage+WebP.m in Sources */,
				21904D211CAD3CD100AD7A3F /* SDWebImagePrefetcher.m in Sources */,
				E2D73DC21CAD2CA9004CEFA3 /* RegViewController.m in Sources */,
				218D2B5A1CACB35C004553B9 /* UIView+Frame.m in Sources */,
				218D2B3D1CACB2F9004553B9 /* CommonTabBarViewController.m in Sources */,
				21904D1C1CAD3CD100AD7A3F /* SDWebImageCompat.m in Sources */,
				21904D1A1CAD3CD100AD7A3F /* NSData+ImageContentType.m in Sources */,
				21904D1D1CAD3CD100AD7A3F /* SDWebImageDecoder.m in Sources */,
				218D2B411CACB310004553B9 /* DiscoveryTableViewController.m in Sources */,
				21904D261CAD3CD100AD7A3F /* UIImageView+HighlightedWebCache.m in Sources */,
				21904D221CAD3CD100AD7A3F /* UIButton+WebCache.m in Sources */,
				E2DDB0E81CAB66DB007438E4 /* main.m in Sources */,
				218D2B581CACB35C004553B9 /* UIBarButtonItem+Item.m in Sources */,
				218D2B501CACB349004553B9 /* MeTableViewController.m in Sources */,
				21904CF01CAD3C7800AD7A3F /* CompleteUserInfoController.m in Sources */,
				218D2B591CACB35C004553B9 /* UIImage+Image.m in Sources */,
				21904D1E1CAD3CD100AD7A3F /* SDWebImageDownloader.m in Sources */,
				218D2B461CACB325004553B9 /* MainTableViewController.m in Sources */,
			);
			runOnlyForDeploymentPostprocessing = 0;
		};
		E2DDB0F81CAB66DB007438E4 /* Sources */ = {
			isa = PBXSourcesBuildPhase;
			buildActionMask = 2147483647;
			files = (
				E2DDB1011CAB66DB007438E4 /* ___Tests.m in Sources */,
			);
			runOnlyForDeploymentPostprocessing = 0;
		};
		E2DDB1031CAB66DB007438E4 /* Sources */ = {
			isa = PBXSourcesBuildPhase;
			buildActionMask = 2147483647;
			files = (
				E2DDB10C1CAB66DB007438E4 /* ___UITests.m in Sources */,
			);
			runOnlyForDeploymentPostprocessing = 0;
		};
/* End PBXSourcesBuildPhase section */

/* Begin PBXTargetDependency section */
		E2DDB0FE1CAB66DB007438E4 /* PBXTargetDependency */ = {
			isa = PBXTargetDependency;
			target = E2DDB0E21CAB66DB007438E4 /* 融易投 */;
			targetProxy = E2DDB0FD1CAB66DB007438E4 /* PBXContainerItemProxy */;
		};
		E2DDB1091CAB66DB007438E4 /* PBXTargetDependency */ = {
			isa = PBXTargetDependency;
			target = E2DDB0E21CAB66DB007438E4 /* 融易投 */;
			targetProxy = E2DDB1081CAB66DB007438E4 /* PBXContainerItemProxy */;
		};
/* End PBXTargetDependency section */

/* Begin XCBuildConfiguration section */
		E2DDB10E1CAB66DB007438E4 /* Debug */ = {
			isa = XCBuildConfiguration;
			buildSettings = {
				ALWAYS_SEARCH_USER_PATHS = NO;
				CLANG_CXX_LANGUAGE_STANDARD = "gnu++0x";
				CLANG_CXX_LIBRARY = "libc++";
				CLANG_ENABLE_MODULES = YES;
				CLANG_ENABLE_OBJC_ARC = YES;
				CLANG_WARN_BOOL_CONVERSION = YES;
				CLANG_WARN_CONSTANT_CONVERSION = YES;
				CLANG_WARN_DIRECT_OBJC_ISA_USAGE = YES_ERROR;
				CLANG_WARN_EMPTY_BODY = YES;
				CLANG_WARN_ENUM_CONVERSION = YES;
				CLANG_WARN_INT_CONVERSION = YES;
				CLANG_WARN_OBJC_ROOT_CLASS = YES_ERROR;
				CLANG_WARN_UNREACHABLE_CODE = YES;
				CLANG_WARN__DUPLICATE_METHOD_MATCH = YES;
				"CODE_SIGN_IDENTITY[sdk=iphoneos*]" = "iPhone Developer";
				COPY_PHASE_STRIP = NO;
				DEBUG_INFORMATION_FORMAT = dwarf;
				ENABLE_STRICT_OBJC_MSGSEND = YES;
				ENABLE_TESTABILITY = YES;
				GCC_C_LANGUAGE_STANDARD = gnu99;
				GCC_DYNAMIC_NO_PIC = NO;
				GCC_NO_COMMON_BLOCKS = YES;
				GCC_OPTIMIZATION_LEVEL = 0;
				GCC_PREPROCESSOR_DEFINITIONS = (
					"DEBUG=1",
					"$(inherited)",
				);
				GCC_WARN_64_TO_32_BIT_CONVERSION = YES;
				GCC_WARN_ABOUT_RETURN_TYPE = YES_ERROR;
				GCC_WARN_UNDECLARED_SELECTOR = YES;
				GCC_WARN_UNINITIALIZED_AUTOS = YES_AGGRESSIVE;
				GCC_WARN_UNUSED_FUNCTION = YES;
				GCC_WARN_UNUSED_VARIABLE = YES;
				IPHONEOS_DEPLOYMENT_TARGET = 9.2;
				MTL_ENABLE_DEBUG_INFO = YES;
				ONLY_ACTIVE_ARCH = YES;
				SDKROOT = iphoneos;
				TARGETED_DEVICE_FAMILY = "1,2";
			};
			name = Debug;
		};
		E2DDB10F1CAB66DB007438E4 /* Release */ = {
			isa = XCBuildConfiguration;
			buildSettings = {
				ALWAYS_SEARCH_USER_PATHS = NO;
				CLANG_CXX_LANGUAGE_STANDARD = "gnu++0x";
				CLANG_CXX_LIBRARY = "libc++";
				CLANG_ENABLE_MODULES = YES;
				CLANG_ENABLE_OBJC_ARC = YES;
				CLANG_WARN_BOOL_CONVERSION = YES;
				CLANG_WARN_CONSTANT_CONVERSION = YES;
				CLANG_WARN_DIRECT_OBJC_ISA_USAGE = YES_ERROR;
				CLANG_WARN_EMPTY_BODY = YES;
				CLANG_WARN_ENUM_CONVERSION = YES;
				CLANG_WARN_INT_CONVERSION = YES;
				CLANG_WARN_OBJC_ROOT_CLASS = YES_ERROR;
				CLANG_WARN_UNREACHABLE_CODE = YES;
				CLANG_WARN__DUPLICATE_METHOD_MATCH = YES;
				"CODE_SIGN_IDENTITY[sdk=iphoneos*]" = "iPhone Developer";
				COPY_PHASE_STRIP = NO;
				DEBUG_INFORMATION_FORMAT = "dwarf-with-dsym";
				ENABLE_NS_ASSERTIONS = NO;
				ENABLE_STRICT_OBJC_MSGSEND = YES;
				GCC_C_LANGUAGE_STANDARD = gnu99;
				GCC_NO_COMMON_BLOCKS = YES;
				GCC_WARN_64_TO_32_BIT_CONVERSION = YES;
				GCC_WARN_ABOUT_RETURN_TYPE = YES_ERROR;
				GCC_WARN_UNDECLARED_SELECTOR = YES;
				GCC_WARN_UNINITIALIZED_AUTOS = YES_AGGRESSIVE;
				GCC_WARN_UNUSED_FUNCTION = YES;
				GCC_WARN_UNUSED_VARIABLE = YES;
				IPHONEOS_DEPLOYMENT_TARGET = 9.2;
				MTL_ENABLE_DEBUG_INFO = NO;
				SDKROOT = iphoneos;
				TARGETED_DEVICE_FAMILY = "1,2";
				VALIDATE_PRODUCT = YES;
			};
			name = Release;
		};
		E2DDB1111CAB66DB007438E4 /* Debug */ = {
			isa = XCBuildConfiguration;
			buildSettings = {
				ASSETCATALOG_COMPILER_APPICON_NAME = AppIcon;
				ASSETCATALOG_COMPILER_LAUNCHIMAGE_NAME = "Brand Assets";
				CODE_SIGN_IDENTITY = "iPhone Developer";
				ENABLE_BITCODE = YES;
				INFOPLIST_FILE = "融易投/Info.plist";
				IPHONEOS_DEPLOYMENT_TARGET = 7.0;
				LD_RUNPATH_SEARCH_PATHS = "$(inherited) @executable_path/Frameworks";
				PRODUCT_BUNDLE_IDENTIFIER = com.efy.eftryt;
				PRODUCT_NAME = "$(TARGET_NAME)";
			};
			name = Debug;
		};
		E2DDB1121CAB66DB007438E4 /* Release */ = {
			isa = XCBuildConfiguration;
			buildSettings = {
				ASSETCATALOG_COMPILER_APPICON_NAME = AppIcon;
				ASSETCATALOG_COMPILER_LAUNCHIMAGE_NAME = "Brand Assets";
				CODE_SIGN_IDENTITY = "iPhone Developer";
				ENABLE_BITCODE = YES;
				INFOPLIST_FILE = "融易投/Info.plist";
				IPHONEOS_DEPLOYMENT_TARGET = 7.0;
				LD_RUNPATH_SEARCH_PATHS = "$(inherited) @executable_path/Frameworks";
				PRODUCT_BUNDLE_IDENTIFIER = com.efy.eftryt;
				PRODUCT_NAME = "$(TARGET_NAME)";
			};
			name = Release;
		};
		E2DDB1141CAB66DB007438E4 /* Debug */ = {
			isa = XCBuildConfiguration;
			buildSettings = {
				BUNDLE_LOADER = "$(TEST_HOST)";
				INFOPLIST_FILE = "融易投Tests/Info.plist";
				LD_RUNPATH_SEARCH_PATHS = "$(inherited) @executable_path/Frameworks @loader_path/Frameworks";
				PRODUCT_BUNDLE_IDENTIFIER = "aaaa.---Tests";
				PRODUCT_NAME = "$(TARGET_NAME)";
				TEST_HOST = "$(BUILT_PRODUCTS_DIR)/融易投.app/融易投";
			};
			name = Debug;
		};
		E2DDB1151CAB66DB007438E4 /* Release */ = {
			isa = XCBuildConfiguration;
			buildSettings = {
				BUNDLE_LOADER = "$(TEST_HOST)";
				INFOPLIST_FILE = "融易投Tests/Info.plist";
				LD_RUNPATH_SEARCH_PATHS = "$(inherited) @executable_path/Frameworks @loader_path/Frameworks";
				PRODUCT_BUNDLE_IDENTIFIER = "aaaa.---Tests";
				PRODUCT_NAME = "$(TARGET_NAME)";
				TEST_HOST = "$(BUILT_PRODUCTS_DIR)/融易投.app/融易投";
			};
			name = Release;
		};
		E2DDB1171CAB66DB007438E4 /* Debug */ = {
			isa = XCBuildConfiguration;
			buildSettings = {
				INFOPLIST_FILE = "融易投UITests/Info.plist";
				LD_RUNPATH_SEARCH_PATHS = "$(inherited) @executable_path/Frameworks @loader_path/Frameworks";
				PRODUCT_BUNDLE_IDENTIFIER = "aaaa.---UITests";
				PRODUCT_NAME = "$(TARGET_NAME)";
				TEST_TARGET_NAME = "融易投";
				USES_XCTRUNNER = YES;
			};
			name = Debug;
		};
		E2DDB1181CAB66DB007438E4 /* Release */ = {
			isa = XCBuildConfiguration;
			buildSettings = {
				INFOPLIST_FILE = "融易投UITests/Info.plist";
				LD_RUNPATH_SEARCH_PATHS = "$(inherited) @executable_path/Frameworks @loader_path/Frameworks";
				PRODUCT_BUNDLE_IDENTIFIER = "aaaa.---UITests";
				PRODUCT_NAME = "$(TARGET_NAME)";
				TEST_TARGET_NAME = "融易投";
				USES_XCTRUNNER = YES;
			};
			name = Release;
		};
/* End XCBuildConfiguration section */

/* Begin XCConfigurationList section */
		E2DDB0DE1CAB66DB007438E4 /* Build configuration list for PBXProject "融易投" */ = {
			isa = XCConfigurationList;
			buildConfigurations = (
				E2DDB10E1CAB66DB007438E4 /* Debug */,
				E2DDB10F1CAB66DB007438E4 /* Release */,
			);
			defaultConfigurationIsVisible = 0;
			defaultConfigurationName = Release;
		};
		E2DDB1101CAB66DB007438E4 /* Build configuration list for PBXNativeTarget "融易投" */ = {
			isa = XCConfigurationList;
			buildConfigurations = (
				E2DDB1111CAB66DB007438E4 /* Debug */,
				E2DDB1121CAB66DB007438E4 /* Release */,
			);
			defaultConfigurationIsVisible = 0;
			defaultConfigurationName = Release;
		};
		E2DDB1131CAB66DB007438E4 /* Build configuration list for PBXNativeTarget "融易投Tests" */ = {
			isa = XCConfigurationList;
			buildConfigurations = (
				E2DDB1141CAB66DB007438E4 /* Debug */,
				E2DDB1151CAB66DB007438E4 /* Release */,
			);
			defaultConfigurationIsVisible = 0;
			defaultConfigurationName = Release;
		};
		E2DDB1161CAB66DB007438E4 /* Build configuration list for PBXNativeTarget "融易投UITests" */ = {
			isa = XCConfigurationList;
			buildConfigurations = (
				E2DDB1171CAB66DB007438E4 /* Debug */,
				E2DDB1181CAB66DB007438E4 /* Release */,
			);
			defaultConfigurationIsVisible = 0;
			defaultConfigurationName = Release;
		};
/* End XCConfigurationList section */
	};
	rootObject = E2DDB0DB1CAB66DB007438E4 /* Project object */;
}
